
Microsoft Visual Studio Solution File, Format Version 12.00
Project("{2150E333-8FDC-42A3-9474-1A3956D46DE8}") = "Common", "Common", "{D1D167DD-8DE5-49C5-9D85-B7407EDF2624}"
EndProject
Project("{2150E333-8FDC-42A3-9474-1A3956D46DE8}") = "EscalationService", "EscalationService", "{751594A2-C76A-4909-8C8D-61D42299CFA7}"
EndProject
Project("{FAE04EC0-301F-11D3-BF4B-00C04F79EFBC}") = "EscalationService.Domain", "EscalationService\EscalationService.Domain\EscalationService.Domain.csproj", "{D8B3B64C-A5D7-4826-ADBB-7F0A89D57BA5}"
EndProject
Project("{FAE04EC0-301F-11D3-BF4B-00C04F79EFBC}") = "EscalationService.API", "EscalationService\EscalationService.API\EscalationService.API.csproj", "{C8D29B62-FA1A-46FE-915B-9F1718BDBD97}"
EndProject
Project("{FAE04EC0-301F-11D3-BF4B-00C04F79EFBC}") = "EscalationService.Appliacation", "EscalationService\EscalationService.Appliacation\EscalationService.Appliacation.csproj", "{CE5616F8-FF82-4495-8E57-9169DBA4D675}"
EndProject
Project("{FAE04EC0-301F-11D3-BF4B-00C04F79EFBC}") = "EscalationService.Infrastructure", "EscalationService\EscalationService.Infrastructure\EscalationService.Infrastructure.csproj", "{2288F08D-A550-4B35-BA60-ECD581617DF4}"
EndProject
Project("{2150E333-8FDC-42A3-9474-1A3956D46DE8}") = "NotificationService", "NotificationService", "{F4BA8879-CDD5-4DF8-AA70-E1421EF2FFC8}"
EndProject
Project("{2150E333-8FDC-42A3-9474-1A3956D46DE8}") = "ReportingService", "ReportingService", "{551A9C83-716E-49B8-97C2-0A0A14F24FAF}"
EndProject
Project("{2150E333-8FDC-42A3-9474-1A3956D46DE8}") = "UserService", "UserService", "{136F18FE-0C20-4A35-8939-C0CA6BAA7A50}"
EndProject
Project("{2150E333-8FDC-42A3-9474-1A3956D46DE8}") = "SchedulerService", "SchedulerService", "{AE7AFBD6-C656-4DBE-84F7-AFEF0072A717}"
EndProject
Project("{FAE04EC0-301F-11D3-BF4B-00C04F79EFBC}") = "NotificationService.API", "NotificationService\NotificationService.API\NotificationService.API.csproj", "{28571D6B-683F-4C83-ABFE-41D3F0065BD6}"
EndProject
Project("{FAE04EC0-301F-11D3-BF4B-00C04F79EFBC}") = "UserService.API", "UserService\UserService.API\UserService.API.csproj", "{2A66A8BE-A866-4001-A519-0B6A76F0CDCC}"
EndProject
Project("{FAE04EC0-301F-11D3-BF4B-00C04F79EFBC}") = "UserService.Domain", "UserService\UserService.Domain\UserService.Domain.csproj", "{599623E5-D2CF-46D9-A8C4-42EBA15CC15E}"
EndProject
Project("{FAE04EC0-301F-11D3-BF4B-00C04F79EFBC}") = "UserService.Application", "UserService\UserService.Application\UserService.Application.csproj", "{03494D22-55E4-4E0F-9AEA-829A13B3AB43}"
EndProject
Project("{FAE04EC0-301F-11D3-BF4B-00C04F79EFBC}") = "UserService.Infrastructure", "UserService\UserService.Infrastructure\UserService.Infrastructure.csproj", "{4AF0E0A2-AFD7-4E4D-B3DC-90A46752080A}"
EndProject
Project("{FAE04EC0-301F-11D3-BF4B-00C04F79EFBC}") = "ReportingService.API", "ReportingService\ReportingService.API\ReportingService.API.csproj", "{54EDBEBA-C909-4BFC-A94F-5D9E5A2FFABA}"
EndProject
Project("{FAE04EC0-301F-11D3-BF4B-00C04F79EFBC}") = "SchedulerService.API", "SchedulerService\SchedulerService.API\SchedulerService.API.csproj", "{2FEB6FC6-87FD-4DF0-81BF-BE859CCEC899}"
EndProject
Project("{FAE04EC0-301F-11D3-BF4B-00C04F79EFBC}") = "Exceptions", "Common\Exceptions\Exceptions.csproj", "{9C465B32-9DCE-4030-A6C9-58431CF4BC39}"
EndProject
Project("{FAE04EC0-301F-11D3-BF4B-00C04F79EFBC}") = "Models", "Common\Models\Models.csproj", "{B6019B04-1148-4988-9DF7-BA4C9047BB68}"
EndProject
Global
	GlobalSection(SolutionConfigurationPlatforms) = preSolution
		Debug|Any CPU = Debug|Any CPU
		Release|Any CPU = Release|Any CPU
	EndGlobalSection
	GlobalSection(NestedProjects) = preSolution
		{D8B3B64C-A5D7-4826-ADBB-7F0A89D57BA5} = {751594A2-C76A-4909-8C8D-61D42299CFA7}
		{C8D29B62-FA1A-46FE-915B-9F1718BDBD97} = {751594A2-C76A-4909-8C8D-61D42299CFA7}
		{CE5616F8-FF82-4495-8E57-9169DBA4D675} = {751594A2-C76A-4909-8C8D-61D42299CFA7}
		{2288F08D-A550-4B35-BA60-ECD581617DF4} = {751594A2-C76A-4909-8C8D-61D42299CFA7}
		{28571D6B-683F-4C83-ABFE-41D3F0065BD6} = {F4BA8879-CDD5-4DF8-AA70-E1421EF2FFC8}
		{2A66A8BE-A866-4001-A519-0B6A76F0CDCC} = {136F18FE-0C20-4A35-8939-C0CA6BAA7A50}
		{599623E5-D2CF-46D9-A8C4-42EBA15CC15E} = {136F18FE-0C20-4A35-8939-C0CA6BAA7A50}
		{03494D22-55E4-4E0F-9AEA-829A13B3AB43} = {136F18FE-0C20-4A35-8939-C0CA6BAA7A50}
		{4AF0E0A2-AFD7-4E4D-B3DC-90A46752080A} = {136F18FE-0C20-4A35-8939-C0CA6BAA7A50}
		{54EDBEBA-C909-4BFC-A94F-5D9E5A2FFABA} = {551A9C83-716E-49B8-97C2-0A0A14F24FAF}
		{2FEB6FC6-87FD-4DF0-81BF-BE859CCEC899} = {AE7AFBD6-C656-4DBE-84F7-AFEF0072A717}
		{9C465B32-9DCE-4030-A6C9-58431CF4BC39} = {D1D167DD-8DE5-49C5-9D85-B7407EDF2624}
		{B6019B04-1148-4988-9DF7-BA4C9047BB68} = {D1D167DD-8DE5-49C5-9D85-B7407EDF2624}
	EndGlobalSection
	GlobalSection(ProjectConfigurationPlatforms) = postSolution
		{D8B3B64C-A5D7-4826-ADBB-7F0A89D57BA5}.Debug|Any CPU.ActiveCfg = Debug|Any CPU
		{D8B3B64C-A5D7-4826-ADBB-7F0A89D57BA5}.Debug|Any CPU.Build.0 = Debug|Any CPU
		{D8B3B64C-A5D7-4826-ADBB-7F0A89D57BA5}.Release|Any CPU.ActiveCfg = Release|Any CPU
		{D8B3B64C-A5D7-4826-ADBB-7F0A89D57BA5}.Release|Any CPU.Build.0 = Release|Any CPU
		{C8D29B62-FA1A-46FE-915B-9F1718BDBD97}.Debug|Any CPU.ActiveCfg = Debug|Any CPU
		{C8D29B62-FA1A-46FE-915B-9F1718BDBD97}.Debug|Any CPU.Build.0 = Debug|Any CPU
		{C8D29B62-FA1A-46FE-915B-9F1718BDBD97}.Release|Any CPU.ActiveCfg = Release|Any CPU
		{C8D29B62-FA1A-46FE-915B-9F1718BDBD97}.Release|Any CPU.Build.0 = Release|Any CPU
		{CE5616F8-FF82-4495-8E57-9169DBA4D675}.Debug|Any CPU.ActiveCfg = Debug|Any CPU
		{CE5616F8-FF82-4495-8E57-9169DBA4D675}.Debug|Any CPU.Build.0 = Debug|Any CPU
		{CE5616F8-FF82-4495-8E57-9169DBA4D675}.Release|Any CPU.ActiveCfg = Release|Any CPU
		{CE5616F8-FF82-4495-8E57-9169DBA4D675}.Release|Any CPU.Build.0 = Release|Any CPU
		{2288F08D-A550-4B35-BA60-ECD581617DF4}.Debug|Any CPU.ActiveCfg = Debug|Any CPU
		{2288F08D-A550-4B35-BA60-ECD581617DF4}.Debug|Any CPU.Build.0 = Debug|Any CPU
		{2288F08D-A550-4B35-BA60-ECD581617DF4}.Release|Any CPU.ActiveCfg = Release|Any CPU
		{2288F08D-A550-4B35-BA60-ECD581617DF4}.Release|Any CPU.Build.0 = Release|Any CPU
		{28571D6B-683F-4C83-ABFE-41D3F0065BD6}.Debug|Any CPU.ActiveCfg = Debug|Any CPU
		{28571D6B-683F-4C83-ABFE-41D3F0065BD6}.Debug|Any CPU.Build.0 = Debug|Any CPU
		{28571D6B-683F-4C83-ABFE-41D3F0065BD6}.Release|Any CPU.ActiveCfg = Release|Any CPU
		{28571D6B-683F-4C83-ABFE-41D3F0065BD6}.Release|Any CPU.Build.0 = Release|Any CPU
		{2A66A8BE-A866-4001-A519-0B6A76F0CDCC}.Debug|Any CPU.ActiveCfg = Debug|Any CPU
		{2A66A8BE-A866-4001-A519-0B6A76F0CDCC}.Debug|Any CPU.Build.0 = Debug|Any CPU
		{2A66A8BE-A866-4001-A519-0B6A76F0CDCC}.Release|Any CPU.ActiveCfg = Release|Any CPU
		{2A66A8BE-A866-4001-A519-0B6A76F0CDCC}.Release|Any CPU.Build.0 = Release|Any CPU
		{599623E5-D2CF-46D9-A8C4-42EBA15CC15E}.Debug|Any CPU.ActiveCfg = Debug|Any CPU
		{599623E5-D2CF-46D9-A8C4-42EBA15CC15E}.Debug|Any CPU.Build.0 = Debug|Any CPU
		{599623E5-D2CF-46D9-A8C4-42EBA15CC15E}.Release|Any CPU.ActiveCfg = Release|Any CPU
		{599623E5-D2CF-46D9-A8C4-42EBA15CC15E}.Release|Any CPU.Build.0 = Release|Any CPU
		{03494D22-55E4-4E0F-9AEA-829A13B3AB43}.Debug|Any CPU.ActiveCfg = Debug|Any CPU
		{03494D22-55E4-4E0F-9AEA-829A13B3AB43}.Debug|Any CPU.Build.0 = Debug|Any CPU
		{03494D22-55E4-4E0F-9AEA-829A13B3AB43}.Release|Any CPU.ActiveCfg = Release|Any CPU
		{03494D22-55E4-4E0F-9AEA-829A13B3AB43}.Release|Any CPU.Build.0 = Release|Any CPU
		{4AF0E0A2-AFD7-4E4D-B3DC-90A46752080A}.Debug|Any CPU.ActiveCfg = Debug|Any CPU
		{4AF0E0A2-AFD7-4E4D-B3DC-90A46752080A}.Debug|Any CPU.Build.0 = Debug|Any CPU
		{4AF0E0A2-AFD7-4E4D-B3DC-90A46752080A}.Release|Any CPU.ActiveCfg = Release|Any CPU
		{4AF0E0A2-AFD7-4E4D-B3DC-90A46752080A}.Release|Any CPU.Build.0 = Release|Any CPU
		{54EDBEBA-C909-4BFC-A94F-5D9E5A2FFABA}.Debug|Any CPU.ActiveCfg = Debug|Any CPU
		{54EDBEBA-C909-4BFC-A94F-5D9E5A2FFABA}.Debug|Any CPU.Build.0 = Debug|Any CPU
		{54EDBEBA-C909-4BFC-A94F-5D9E5A2FFABA}.Release|Any CPU.ActiveCfg = Release|Any CPU
		{54EDBEBA-C909-4BFC-A94F-5D9E5A2FFABA}.Release|Any CPU.Build.0 = Release|Any CPU
		{2FEB6FC6-87FD-4DF0-81BF-BE859CCEC899}.Debug|Any CPU.ActiveCfg = Debug|Any CPU
		{2FEB6FC6-87FD-4DF0-81BF-BE859CCEC899}.Debug|Any CPU.Build.0 = Debug|Any CPU
		{2FEB6FC6-87FD-4DF0-81BF-BE859CCEC899}.Release|Any CPU.ActiveCfg = Release|Any CPU
		{2FEB6FC6-87FD-4DF0-81BF-BE859CCEC899}.Release|Any CPU.Build.0 = Release|Any CPU
		{9C465B32-9DCE-4030-A6C9-58431CF4BC39}.Debug|Any CPU.ActiveCfg = Debug|Any CPU
		{9C465B32-9DCE-4030-A6C9-58431CF4BC39}.Debug|Any CPU.Build.0 = Debug|Any CPU
		{9C465B32-9DCE-4030-A6C9-58431CF4BC39}.Release|Any CPU.ActiveCfg = Release|Any CPU
		{9C465B32-9DCE-4030-A6C9-58431CF4BC39}.Release|Any CPU.Build.0 = Release|Any CPU
		{B6019B04-1148-4988-9DF7-BA4C9047BB68}.Debug|Any CPU.ActiveCfg = Debug|Any CPU
		{B6019B04-1148-4988-9DF7-BA4C9047BB68}.Debug|Any CPU.Build.0 = Debug|Any CPU
		{B6019B04-1148-4988-9DF7-BA4C9047BB68}.Release|Any CPU.ActiveCfg = Release|Any CPU
		{B6019B04-1148-4988-9DF7-BA4C9047BB68}.Release|Any CPU.Build.0 = Release|Any CPU
	EndGlobalSection
EndGlobal
